{"is_source_file": false, "format": "", "description": "", "external_files": [], "external_methods": [], "published": [], "classes": [], "methods": [], "calls": [], "search-terms": [], "state": 2, "file_id": 33, "knowledge_revision": 74, "git_revision": "29dae92b397e3b319876f5e6decd0c4f7a59a680", "hash": "e9b4c3b42cef0193b7fddb548d37e652", "format-version": 4, "code-base-name": "default", "filename": "luxmatch_pro/post_process_status.lock", "revision_history": [{"74": "29dae92b397e3b319876f5e6decd0c4f7a59a680"}]}