{"is_source_file": false, "format": "", "description": "", "external_files": [], "external_methods": [], "published": [], "classes": [], "methods": [], "calls": [], "search-terms": [], "state": 2, "file_id": 28, "knowledge_revision": 52, "git_revision": "95705f5f18550cf5c6ee53c710a133e152d8606f", "hash": "9c4ed7ef73e22b872b8055bec08b8979", "format-version": 4, "code-base-name": "default", "filename": "luxmatch_pro/post_process_status.lock", "revision_history": [{"52": "95705f5f18550cf5c6ee53c710a133e152d8606f"}]}