{"is_source_file": false, "format": "", "description": "", "external_files": [], "external_methods": [], "published": [], "classes": [], "methods": [], "calls": [], "search-terms": [], "state": 2, "file_id": 30, "knowledge_revision": 61, "git_revision": "83ee9474966a613f7a351cb252fb9733ce07fa1f", "hash": "e9b4c3b42cef0193b7fddb548d37e652", "format-version": 4, "code-base-name": "default", "filename": "luxmatch_pro_frontend/post_process_status.lock", "revision_history": [{"61": "83ee9474966a613f7a351cb252fb9733ce07fa1f"}]}