{"is_source_file": true, "file_id": 21, "git_revision": "338f36f9e4a9603beb121ecac8c38f8d78e1b749", "state": 1, "description": "", "external_files": [], "external_methods": [], "published": [], "classes": [], "methods": [], "calls": [], "search-terms": [], "hash": "e9b4c3b42cef0193b7fddb548d37e652", "format-version": 4, "code-base-name": "default", "filename": "luxmatch_pro/post_process_status.lock", "knowledge_revision": 52}